
Microsoft Visual Studio Solution File, Format Version 12.00
# Visual Studio Version 16
VisualStudioVersion = 16.0.31229.75
MinimumVisualStudioVersion = 10.0.40219.1
Project("{9A19103F-16F7-4668-BE54-9A1E7A4F7556}") = "MoneyHeist.API", "MoneyHeist.API\MoneyHeist.API.csproj", "{3717EC6B-0099-42B2-B057-67BC7F31D16F}"
EndProject
Project("{9A19103F-16F7-4668-BE54-9A1E7A4F7556}") = "MoneyHeist.DAL", "MoneyHeist.DAL\MoneyHeist.DAL.csproj", "{B2187FFC-F315-45BA-A6BE-51EAFC0FA3FC}"
EndProject
Project("{9A19103F-16F7-4668-BE54-9A1E7A4F7556}") = "MoneyHeist.Models", "MoneyHeist.Models\MoneyHeist.Models.csproj", "{4D6418D2-4B24-44F1-9308-592509A84167}"
EndProject
Project("{9A19103F-16F7-4668-BE54-9A1E7A4F7556}") = "MoneyHeist.Service", "MoneyHeist.Service\MoneyHeist.Service.csproj", "{928F7721-5532-49C4-BAE6-6286E3617196}"
EndProject
Project("{2150E333-8FDC-42A3-9474-1A3956D46DE8}") = "DBProjects", "DBProjects", "{B68D3056-3B7B-43FC-AC91-58D9F6BE6CEF}"
EndProject
Project("{00D1A9C2-B5F0-4AF3-8072-F6C62B433612}") = "MoneyHeist.Data.DB", "MoneyHeist.Data.DB\MoneyHeist.Data.DB.sqlproj", "{6EC9FB52-B73B-4EC7-AAAE-A25EB7D693E1}"
EndProject
Global
	GlobalSection(SolutionConfigurationPlatforms) = preSolution
		Adnet_NOX|Any CPU = Adnet_NOX|Any CPU
		Adnet_PRO|Any CPU = Adnet_PRO|Any CPU
		Adnet_RWE|Any CPU = Adnet_RWE|Any CPU
		Debug|Any CPU = Debug|Any CPU
		ENNA_Prod|Any CPU = ENNA_Prod|Any CPU
		ENNA_Test|Any CPU = ENNA_Test|Any CPU
		NOX_Prod|Any CPU = NOX_Prod|Any CPU
		NOX_Test|Any CPU = NOX_Test|Any CPU
		PRO_Prod|Any CPU = PRO_Prod|Any CPU
		PRO_Test|Any CPU = PRO_Test|Any CPU
		Release|Any CPU = Release|Any CPU
		RWE_Prod|Any CPU = RWE_Prod|Any CPU
		RWE_Test_Old|Any CPU = RWE_Test_Old|Any CPU
		RWE_Test|Any CPU = RWE_Test|Any CPU
	EndGlobalSection
	GlobalSection(ProjectConfigurationPlatforms) = postSolution
		{3717EC6B-0099-42B2-B057-67BC7F31D16F}.Adnet_NOX|Any CPU.ActiveCfg = Debug|Any CPU
		{3717EC6B-0099-42B2-B057-67BC7F31D16F}.Adnet_NOX|Any CPU.Build.0 = Debug|Any CPU
		{3717EC6B-0099-42B2-B057-67BC7F31D16F}.Adnet_PRO|Any CPU.ActiveCfg = Debug|Any CPU
		{3717EC6B-0099-42B2-B057-67BC7F31D16F}.Adnet_PRO|Any CPU.Build.0 = Debug|Any CPU
		{3717EC6B-0099-42B2-B057-67BC7F31D16F}.Adnet_RWE|Any CPU.ActiveCfg = Debug|Any CPU
		{3717EC6B-0099-42B2-B057-67BC7F31D16F}.Adnet_RWE|Any CPU.Build.0 = Debug|Any CPU
		{3717EC6B-0099-42B2-B057-67BC7F31D16F}.Debug|Any CPU.ActiveCfg = Debug|Any CPU
		{3717EC6B-0099-42B2-B057-67BC7F31D16F}.Debug|Any CPU.Build.0 = Debug|Any CPU
		{3717EC6B-0099-42B2-B057-67BC7F31D16F}.ENNA_Prod|Any CPU.ActiveCfg = Debug|Any CPU
		{3717EC6B-0099-42B2-B057-67BC7F31D16F}.ENNA_Prod|Any CPU.Build.0 = Debug|Any CPU
		{3717EC6B-0099-42B2-B057-67BC7F31D16F}.ENNA_Test|Any CPU.ActiveCfg = Debug|Any CPU
		{3717EC6B-0099-42B2-B057-67BC7F31D16F}.ENNA_Test|Any CPU.Build.0 = Debug|Any CPU
		{3717EC6B-0099-42B2-B057-67BC7F31D16F}.NOX_Prod|Any CPU.ActiveCfg = Debug|Any CPU
		{3717EC6B-0099-42B2-B057-67BC7F31D16F}.NOX_Prod|Any CPU.Build.0 = Debug|Any CPU
		{3717EC6B-0099-42B2-B057-67BC7F31D16F}.NOX_Test|Any CPU.ActiveCfg = Debug|Any CPU
		{3717EC6B-0099-42B2-B057-67BC7F31D16F}.NOX_Test|Any CPU.Build.0 = Debug|Any CPU
		{3717EC6B-0099-42B2-B057-67BC7F31D16F}.PRO_Prod|Any CPU.ActiveCfg = Debug|Any CPU
		{3717EC6B-0099-42B2-B057-67BC7F31D16F}.PRO_Prod|Any CPU.Build.0 = Debug|Any CPU
		{3717EC6B-0099-42B2-B057-67BC7F31D16F}.PRO_Test|Any CPU.ActiveCfg = Debug|Any CPU
		{3717EC6B-0099-42B2-B057-67BC7F31D16F}.PRO_Test|Any CPU.Build.0 = Debug|Any CPU
		{3717EC6B-0099-42B2-B057-67BC7F31D16F}.Release|Any CPU.ActiveCfg = Release|Any CPU
		{3717EC6B-0099-42B2-B057-67BC7F31D16F}.Release|Any CPU.Build.0 = Release|Any CPU
		{3717EC6B-0099-42B2-B057-67BC7F31D16F}.RWE_Prod|Any CPU.ActiveCfg = Release|Any CPU
		{3717EC6B-0099-42B2-B057-67BC7F31D16F}.RWE_Prod|Any CPU.Build.0 = Release|Any CPU
		{3717EC6B-0099-42B2-B057-67BC7F31D16F}.RWE_Test_Old|Any CPU.ActiveCfg = Release|Any CPU
		{3717EC6B-0099-42B2-B057-67BC7F31D16F}.RWE_Test_Old|Any CPU.Build.0 = Release|Any CPU
		{3717EC6B-0099-42B2-B057-67BC7F31D16F}.RWE_Test|Any CPU.ActiveCfg = Release|Any CPU
		{3717EC6B-0099-42B2-B057-67BC7F31D16F}.RWE_Test|Any CPU.Build.0 = Release|Any CPU
		{B2187FFC-F315-45BA-A6BE-51EAFC0FA3FC}.Adnet_NOX|Any CPU.ActiveCfg = Debug|Any CPU
		{B2187FFC-F315-45BA-A6BE-51EAFC0FA3FC}.Adnet_NOX|Any CPU.Build.0 = Debug|Any CPU
		{B2187FFC-F315-45BA-A6BE-51EAFC0FA3FC}.Adnet_PRO|Any CPU.ActiveCfg = Debug|Any CPU
		{B2187FFC-F315-45BA-A6BE-51EAFC0FA3FC}.Adnet_PRO|Any CPU.Build.0 = Debug|Any CPU
		{B2187FFC-F315-45BA-A6BE-51EAFC0FA3FC}.Adnet_RWE|Any CPU.ActiveCfg = Debug|Any CPU
		{B2187FFC-F315-45BA-A6BE-51EAFC0FA3FC}.Adnet_RWE|Any CPU.Build.0 = Debug|Any CPU
		{B2187FFC-F315-45BA-A6BE-51EAFC0FA3FC}.Debug|Any CPU.ActiveCfg = Debug|Any CPU
		{B2187FFC-F315-45BA-A6BE-51EAFC0FA3FC}.Debug|Any CPU.Build.0 = Debug|Any CPU
		{B2187FFC-F315-45BA-A6BE-51EAFC0FA3FC}.ENNA_Prod|Any CPU.ActiveCfg = Debug|Any CPU
		{B2187FFC-F315-45BA-A6BE-51EAFC0FA3FC}.ENNA_Prod|Any CPU.Build.0 = Debug|Any CPU
		{B2187FFC-F315-45BA-A6BE-51EAFC0FA3FC}.ENNA_Test|Any CPU.ActiveCfg = Debug|Any CPU
		{B2187FFC-F315-45BA-A6BE-51EAFC0FA3FC}.ENNA_Test|Any CPU.Build.0 = Debug|Any CPU
		{B2187FFC-F315-45BA-A6BE-51EAFC0FA3FC}.NOX_Prod|Any CPU.ActiveCfg = Debug|Any CPU
		{B2187FFC-F315-45BA-A6BE-51EAFC0FA3FC}.NOX_Prod|Any CPU.Build.0 = Debug|Any CPU
		{B2187FFC-F315-45BA-A6BE-51EAFC0FA3FC}.NOX_Test|Any CPU.ActiveCfg = Debug|Any CPU
		{B2187FFC-F315-45BA-A6BE-51EAFC0FA3FC}.NOX_Test|Any CPU.Build.0 = Debug|Any CPU
		{B2187FFC-F315-45BA-A6BE-51EAFC0FA3FC}.PRO_Prod|Any CPU.ActiveCfg = Debug|Any CPU
		{B2187FFC-F315-45BA-A6BE-51EAFC0FA3FC}.PRO_Prod|Any CPU.Build.0 = Debug|Any CPU
		{B2187FFC-F315-45BA-A6BE-51EAFC0FA3FC}.PRO_Test|Any CPU.ActiveCfg = Debug|Any CPU
		{B2187FFC-F315-45BA-A6BE-51EAFC0FA3FC}.PRO_Test|Any CPU.Build.0 = Debug|Any CPU
		{B2187FFC-F315-45BA-A6BE-51EAFC0FA3FC}.Release|Any CPU.ActiveCfg = Release|Any CPU
		{B2187FFC-F315-45BA-A6BE-51EAFC0FA3FC}.Release|Any CPU.Build.0 = Release|Any CPU
		{B2187FFC-F315-45BA-A6BE-51EAFC0FA3FC}.RWE_Prod|Any CPU.ActiveCfg = Release|Any CPU
		{B2187FFC-F315-45BA-A6BE-51EAFC0FA3FC}.RWE_Prod|Any CPU.Build.0 = Release|Any CPU
		{B2187FFC-F315-45BA-A6BE-51EAFC0FA3FC}.RWE_Test_Old|Any CPU.ActiveCfg = Release|Any CPU
		{B2187FFC-F315-45BA-A6BE-51EAFC0FA3FC}.RWE_Test_Old|Any CPU.Build.0 = Release|Any CPU
		{B2187FFC-F315-45BA-A6BE-51EAFC0FA3FC}.RWE_Test|Any CPU.ActiveCfg = Release|Any CPU
		{B2187FFC-F315-45BA-A6BE-51EAFC0FA3FC}.RWE_Test|Any CPU.Build.0 = Release|Any CPU
		{4D6418D2-4B24-44F1-9308-592509A84167}.Adnet_NOX|Any CPU.ActiveCfg = Debug|Any CPU
		{4D6418D2-4B24-44F1-9308-592509A84167}.Adnet_NOX|Any CPU.Build.0 = Debug|Any CPU
		{4D6418D2-4B24-44F1-9308-592509A84167}.Adnet_PRO|Any CPU.ActiveCfg = Debug|Any CPU
		{4D6418D2-4B24-44F1-9308-592509A84167}.Adnet_PRO|Any CPU.Build.0 = Debug|Any CPU
		{4D6418D2-4B24-44F1-9308-592509A84167}.Adnet_RWE|Any CPU.ActiveCfg = Debug|Any CPU
		{4D6418D2-4B24-44F1-9308-592509A84167}.Adnet_RWE|Any CPU.Build.0 = Debug|Any CPU
		{4D6418D2-4B24-44F1-9308-592509A84167}.Debug|Any CPU.ActiveCfg = Debug|Any CPU
		{4D6418D2-4B24-44F1-9308-592509A84167}.Debug|Any CPU.Build.0 = Debug|Any CPU
		{4D6418D2-4B24-44F1-9308-592509A84167}.ENNA_Prod|Any CPU.ActiveCfg = Debug|Any CPU
		{4D6418D2-4B24-44F1-9308-592509A84167}.ENNA_Prod|Any CPU.Build.0 = Debug|Any CPU
		{4D6418D2-4B24-44F1-9308-592509A84167}.ENNA_Test|Any CPU.ActiveCfg = Debug|Any CPU
		{4D6418D2-4B24-44F1-9308-592509A84167}.ENNA_Test|Any CPU.Build.0 = Debug|Any CPU
		{4D6418D2-4B24-44F1-9308-592509A84167}.NOX_Prod|Any CPU.ActiveCfg = Debug|Any CPU
		{4D6418D2-4B24-44F1-9308-592509A84167}.NOX_Prod|Any CPU.Build.0 = Debug|Any CPU
		{4D6418D2-4B24-44F1-9308-592509A84167}.NOX_Test|Any CPU.ActiveCfg = Debug|Any CPU
		{4D6418D2-4B24-44F1-9308-592509A84167}.NOX_Test|Any CPU.Build.0 = Debug|Any CPU
		{4D6418D2-4B24-44F1-9308-592509A84167}.PRO_Prod|Any CPU.ActiveCfg = Debug|Any CPU
		{4D6418D2-4B24-44F1-9308-592509A84167}.PRO_Prod|Any CPU.Build.0 = Debug|Any CPU
		{4D6418D2-4B24-44F1-9308-592509A84167}.PRO_Test|Any CPU.ActiveCfg = Debug|Any CPU
		{4D6418D2-4B24-44F1-9308-592509A84167}.PRO_Test|Any CPU.Build.0 = Debug|Any CPU
		{4D6418D2-4B24-44F1-9308-592509A84167}.Release|Any CPU.ActiveCfg = Release|Any CPU
		{4D6418D2-4B24-44F1-9308-592509A84167}.Release|Any CPU.Build.0 = Release|Any CPU
		{4D6418D2-4B24-44F1-9308-592509A84167}.RWE_Prod|Any CPU.ActiveCfg = Release|Any CPU
		{4D6418D2-4B24-44F1-9308-592509A84167}.RWE_Prod|Any CPU.Build.0 = Release|Any CPU
		{4D6418D2-4B24-44F1-9308-592509A84167}.RWE_Test_Old|Any CPU.ActiveCfg = Release|Any CPU
		{4D6418D2-4B24-44F1-9308-592509A84167}.RWE_Test_Old|Any CPU.Build.0 = Release|Any CPU
		{4D6418D2-4B24-44F1-9308-592509A84167}.RWE_Test|Any CPU.ActiveCfg = Release|Any CPU
		{4D6418D2-4B24-44F1-9308-592509A84167}.RWE_Test|Any CPU.Build.0 = Release|Any CPU
		{928F7721-5532-49C4-BAE6-6286E3617196}.Adnet_NOX|Any CPU.ActiveCfg = Debug|Any CPU
		{928F7721-5532-49C4-BAE6-6286E3617196}.Adnet_NOX|Any CPU.Build.0 = Debug|Any CPU
		{928F7721-5532-49C4-BAE6-6286E3617196}.Adnet_PRO|Any CPU.ActiveCfg = Debug|Any CPU
		{928F7721-5532-49C4-BAE6-6286E3617196}.Adnet_PRO|Any CPU.Build.0 = Debug|Any CPU
		{928F7721-5532-49C4-BAE6-6286E3617196}.Adnet_RWE|Any CPU.ActiveCfg = Debug|Any CPU
		{928F7721-5532-49C4-BAE6-6286E3617196}.Adnet_RWE|Any CPU.Build.0 = Debug|Any CPU
		{928F7721-5532-49C4-BAE6-6286E3617196}.Debug|Any CPU.ActiveCfg = Debug|Any CPU
		{928F7721-5532-49C4-BAE6-6286E3617196}.Debug|Any CPU.Build.0 = Debug|Any CPU
		{928F7721-5532-49C4-BAE6-6286E3617196}.ENNA_Prod|Any CPU.ActiveCfg = Debug|Any CPU
		{928F7721-5532-49C4-BAE6-6286E3617196}.ENNA_Prod|Any CPU.Build.0 = Debug|Any CPU
		{928F7721-5532-49C4-BAE6-6286E3617196}.ENNA_Test|Any CPU.ActiveCfg = Debug|Any CPU
		{928F7721-5532-49C4-BAE6-6286E3617196}.ENNA_Test|Any CPU.Build.0 = Debug|Any CPU
		{928F7721-5532-49C4-BAE6-6286E3617196}.NOX_Prod|Any CPU.ActiveCfg = Debug|Any CPU
		{928F7721-5532-49C4-BAE6-6286E3617196}.NOX_Prod|Any CPU.Build.0 = Debug|Any CPU
		{928F7721-5532-49C4-BAE6-6286E3617196}.NOX_Test|Any CPU.ActiveCfg = Debug|Any CPU
		{928F7721-5532-49C4-BAE6-6286E3617196}.NOX_Test|Any CPU.Build.0 = Debug|Any CPU
		{928F7721-5532-49C4-BAE6-6286E3617196}.PRO_Prod|Any CPU.ActiveCfg = Debug|Any CPU
		{928F7721-5532-49C4-BAE6-6286E3617196}.PRO_Prod|Any CPU.Build.0 = Debug|Any CPU
		{928F7721-5532-49C4-BAE6-6286E3617196}.PRO_Test|Any CPU.ActiveCfg = Debug|Any CPU
		{928F7721-5532-49C4-BAE6-6286E3617196}.PRO_Test|Any CPU.Build.0 = Debug|Any CPU
		{928F7721-5532-49C4-BAE6-6286E3617196}.Release|Any CPU.ActiveCfg = Release|Any CPU
		{928F7721-5532-49C4-BAE6-6286E3617196}.Release|Any CPU.Build.0 = Release|Any CPU
		{928F7721-5532-49C4-BAE6-6286E3617196}.RWE_Prod|Any CPU.ActiveCfg = Release|Any CPU
		{928F7721-5532-49C4-BAE6-6286E3617196}.RWE_Prod|Any CPU.Build.0 = Release|Any CPU
		{928F7721-5532-49C4-BAE6-6286E3617196}.RWE_Test_Old|Any CPU.ActiveCfg = Release|Any CPU
		{928F7721-5532-49C4-BAE6-6286E3617196}.RWE_Test_Old|Any CPU.Build.0 = Release|Any CPU
		{928F7721-5532-49C4-BAE6-6286E3617196}.RWE_Test|Any CPU.ActiveCfg = Release|Any CPU
		{928F7721-5532-49C4-BAE6-6286E3617196}.RWE_Test|Any CPU.Build.0 = Release|Any CPU
		{6EC9FB52-B73B-4EC7-AAAE-A25EB7D693E1}.Adnet_NOX|Any CPU.ActiveCfg = Adnet_NOX|Any CPU
		{6EC9FB52-B73B-4EC7-AAAE-A25EB7D693E1}.Adnet_NOX|Any CPU.Build.0 = Adnet_NOX|Any CPU
		{6EC9FB52-B73B-4EC7-AAAE-A25EB7D693E1}.Adnet_NOX|Any CPU.Deploy.0 = Adnet_NOX|Any CPU
		{6EC9FB52-B73B-4EC7-AAAE-A25EB7D693E1}.Adnet_PRO|Any CPU.ActiveCfg = Adnet_PRO|Any CPU
		{6EC9FB52-B73B-4EC7-AAAE-A25EB7D693E1}.Adnet_PRO|Any CPU.Build.0 = Adnet_PRO|Any CPU
		{6EC9FB52-B73B-4EC7-AAAE-A25EB7D693E1}.Adnet_PRO|Any CPU.Deploy.0 = Adnet_PRO|Any CPU
		{6EC9FB52-B73B-4EC7-AAAE-A25EB7D693E1}.Adnet_RWE|Any CPU.ActiveCfg = Adnet_RWE|Any CPU
		{6EC9FB52-B73B-4EC7-AAAE-A25EB7D693E1}.Adnet_RWE|Any CPU.Build.0 = Adnet_RWE|Any CPU
		{6EC9FB52-B73B-4EC7-AAAE-A25EB7D693E1}.Adnet_RWE|Any CPU.Deploy.0 = Adnet_RWE|Any CPU
		{6EC9FB52-B73B-4EC7-AAAE-A25EB7D693E1}.Debug|Any CPU.ActiveCfg = Debug|Any CPU
		{6EC9FB52-B73B-4EC7-AAAE-A25EB7D693E1}.Debug|Any CPU.Build.0 = Debug|Any CPU
		{6EC9FB52-B73B-4EC7-AAAE-A25EB7D693E1}.Debug|Any CPU.Deploy.0 = Debug|Any CPU
		{6EC9FB52-B73B-4EC7-AAAE-A25EB7D693E1}.ENNA_Prod|Any CPU.ActiveCfg = Release|Any CPU
		{6EC9FB52-B73B-4EC7-AAAE-A25EB7D693E1}.ENNA_Prod|Any CPU.Build.0 = Release|Any CPU
		{6EC9FB52-B73B-4EC7-AAAE-A25EB7D693E1}.ENNA_Prod|Any CPU.Deploy.0 = Release|Any CPU
		{6EC9FB52-B73B-4EC7-AAAE-A25EB7D693E1}.ENNA_Test|Any CPU.ActiveCfg = Release|Any CPU
		{6EC9FB52-B73B-4EC7-AAAE-A25EB7D693E1}.ENNA_Test|Any CPU.Build.0 = Release|Any CPU
		{6EC9FB52-B73B-4EC7-AAAE-A25EB7D693E1}.ENNA_Test|Any CPU.Deploy.0 = Release|Any CPU
		{6EC9FB52-B73B-4EC7-AAAE-A25EB7D693E1}.NOX_Prod|Any CPU.ActiveCfg = Release|Any CPU
		{6EC9FB52-B73B-4EC7-AAAE-A25EB7D693E1}.NOX_Prod|Any CPU.Build.0 = Release|Any CPU
		{6EC9FB52-B73B-4EC7-AAAE-A25EB7D693E1}.NOX_Prod|Any CPU.Deploy.0 = Release|Any CPU
		{6EC9FB52-B73B-4EC7-AAAE-A25EB7D693E1}.NOX_Test|Any CPU.ActiveCfg = Release|Any CPU
		{6EC9FB52-B73B-4EC7-AAAE-A25EB7D693E1}.NOX_Test|Any CPU.Build.0 = Release|Any CPU
		{6EC9FB52-B73B-4EC7-AAAE-A25EB7D693E1}.NOX_Test|Any CPU.Deploy.0 = Release|Any CPU
		{6EC9FB52-B73B-4EC7-AAAE-A25EB7D693E1}.PRO_Prod|Any CPU.ActiveCfg = Release|Any CPU
		{6EC9FB52-B73B-4EC7-AAAE-A25EB7D693E1}.PRO_Prod|Any CPU.Build.0 = Release|Any CPU
		{6EC9FB52-B73B-4EC7-AAAE-A25EB7D693E1}.PRO_Prod|Any CPU.Deploy.0 = Release|Any CPU
		{6EC9FB52-B73B-4EC7-AAAE-A25EB7D693E1}.PRO_Test|Any CPU.ActiveCfg = Release|Any CPU
		{6EC9FB52-B73B-4EC7-AAAE-A25EB7D693E1}.PRO_Test|Any CPU.Build.0 = Release|Any CPU
		{6EC9FB52-B73B-4EC7-AAAE-A25EB7D693E1}.PRO_Test|Any CPU.Deploy.0 = Release|Any CPU
		{6EC9FB52-B73B-4EC7-AAAE-A25EB7D693E1}.Release|Any CPU.ActiveCfg = Release|Any CPU
		{6EC9FB52-B73B-4EC7-AAAE-A25EB7D693E1}.Release|Any CPU.Build.0 = Release|Any CPU
		{6EC9FB52-B73B-4EC7-AAAE-A25EB7D693E1}.Release|Any CPU.Deploy.0 = Release|Any CPU
		{6EC9FB52-B73B-4EC7-AAAE-A25EB7D693E1}.RWE_Prod|Any CPU.ActiveCfg = Release|Any CPU
		{6EC9FB52-B73B-4EC7-AAAE-A25EB7D693E1}.RWE_Prod|Any CPU.Build.0 = Release|Any CPU
		{6EC9FB52-B73B-4EC7-AAAE-A25EB7D693E1}.RWE_Prod|Any CPU.Deploy.0 = Release|Any CPU
		{6EC9FB52-B73B-4EC7-AAAE-A25EB7D693E1}.RWE_Test_Old|Any CPU.ActiveCfg = Release|Any CPU
		{6EC9FB52-B73B-4EC7-AAAE-A25EB7D693E1}.RWE_Test_Old|Any CPU.Build.0 = Release|Any CPU
		{6EC9FB52-B73B-4EC7-AAAE-A25EB7D693E1}.RWE_Test_Old|Any CPU.Deploy.0 = Release|Any CPU
		{6EC9FB52-B73B-4EC7-AAAE-A25EB7D693E1}.RWE_Test|Any CPU.ActiveCfg = Release|Any CPU
		{6EC9FB52-B73B-4EC7-AAAE-A25EB7D693E1}.RWE_Test|Any CPU.Build.0 = Release|Any CPU
		{6EC9FB52-B73B-4EC7-AAAE-A25EB7D693E1}.RWE_Test|Any CPU.Deploy.0 = Release|Any CPU
	EndGlobalSection
	GlobalSection(SolutionProperties) = preSolution
		HideSolutionNode = FALSE
	EndGlobalSection
	GlobalSection(NestedProjects) = preSolution
		{6EC9FB52-B73B-4EC7-AAAE-A25EB7D693E1} = {B68D3056-3B7B-43FC-AC91-58D9F6BE6CEF}
	EndGlobalSection
	GlobalSection(ExtensibilityGlobals) = postSolution
		SolutionGuid = {2B170258-1F48-43EB-8BF4-5881862B1A5F}
	EndGlobalSection
EndGlobal
